
Microsoft Visual Studio Solution File, Format Version 12.00
Project("{FAE04EC0-301F-11D3-BF4B-00C04F79EFBC}") = "bonsai", "bonsai.csproj", "{123CE707-513F-47AE-A34D-23715126F25D}"
EndProject
Global
	GlobalSection(SolutionConfigurationPlatforms) = preSolution
		Debug|Any CPU = Debug|Any CPU
		Release|Any CPU = Release|Any CPU
	EndGlobalSection
	GlobalSection(ProjectConfigurationPlatforms) = postSolution
		{123CE707-513F-47AE-A34D-23715126F25D}.Debug|Any CPU.ActiveCfg = Debug|Any CPU
		{123CE707-513F-47AE-A34D-23715126F25D}.Debug|Any CPU.Build.0 = Debug|Any CPU
		{123CE707-513F-47AE-A34D-23715126F25D}.Release|Any CPU.ActiveCfg = Release|Any CPU
		{123CE707-513F-47AE-A34D-23715126F25D}.Release|Any CPU.Build.0 = Release|Any CPU
	EndGlobalSection
EndGlobal
